
Microsoft Visual Studio Solution File, Format Version 12.00
# Visual Studio 15
VisualStudioVersion = 15.0.28010.2048
MinimumVisualStudioVersion = 10.0.40219.1
Project("{FAE04EC0-301F-11D3-BF4B-00C04F79EFBC}") = "InstaBot", "InstaBot\InstaBot.csproj", "{CF6011E8-5491-4089-8458-EF30C9AE9409}"
EndProject
Global
	GlobalSection(SolutionConfigurationPlatforms) = preSolution
		Debug|Any CPU = Debug|Any CPU
		Release|Any CPU = Release|Any CPU
	EndGlobalSection
	GlobalSection(ProjectConfigurationPlatforms) = postSolution
		{CF6011E8-5491-4089-8458-EF30C9AE9409}.Debug|Any CPU.ActiveCfg = Debug|Any CPU
		{CF6011E8-5491-4089-8458-EF30C9AE9409}.Debug|Any CPU.Build.0 = Debug|Any CPU
		{CF6011E8-5491-4089-8458-EF30C9AE9409}.Release|Any CPU.ActiveCfg = Release|Any CPU
		{CF6011E8-5491-4089-8458-EF30C9AE9409}.Release|Any CPU.Build.0 = Release|Any CPU
	EndGlobalSection
	GlobalSection(SolutionProperties) = preSolution
		HideSolutionNode = FALSE
	EndGlobalSection
	GlobalSection(ExtensibilityGlobals) = postSolution
		SolutionGuid = {839E66DB-2407-4970-A1CA-DE6FC59D3C49}
	EndGlobalSection
EndGlobal
