
Microsoft Visual Studio Solution File, Format Version 12.00
# Visual Studio Version 16
VisualStudioVersion = 16.0.29920.165
MinimumVisualStudioVersion = 10.0.40219.1
Project("{9A19103F-16F7-4668-BE54-9A1E7A4F7556}") = "MeConecta.Gram.Core", "AES.UpGram.Core\MeConecta.Gram.Core.csproj", "{A7ECDE11-05DF-422C-9096-3DA8F0C9DEA8}"
EndProject
Project("{9A19103F-16F7-4668-BE54-9A1E7A4F7556}") = "MeConecta.Gram.Domain", "AES.UpGram.Model\MeConecta.Gram.Domain.csproj", "{9E0EAEAC-09D4-4F7F-82CC-A26D5B1805C5}"
EndProject
Project("{9A19103F-16F7-4668-BE54-9A1E7A4F7556}") = "MeConecta.Gram.Console", "AES.UpGram.Console\MeConecta.Gram.Console.csproj", "{1CCC1B08-C5E3-4ECC-AC04-9A4D4C14D491}"
EndProject
Project("{9A19103F-16F7-4668-BE54-9A1E7A4F7556}") = "MeConecta.Gram.Infra.Data", "AES.UpGram.Repository\MeConecta.Gram.Infra.Data.csproj", "{30F4FFFF-C09A-4446-AFCD-3D639BAEDE7E}"
EndProject
Project("{2150E333-8FDC-42A3-9474-1A3956D46DE8}") = "1 - Application", "1 - Application", "{EB61C1CA-C72E-45E4-889B-A6D3CCFAFB19}"
EndProject
Project("{2150E333-8FDC-42A3-9474-1A3956D46DE8}") = "2 - Domain", "2 - Domain", "{E9A31A99-2F59-4950-85C5-4EEAE41F84AA}"
EndProject
Project("{2150E333-8FDC-42A3-9474-1A3956D46DE8}") = "3 - Service", "3 - Service", "{0A367BC1-FD76-4982-95BD-3F0D3D7C6431}"
EndProject
Project("{2150E333-8FDC-42A3-9474-1A3956D46DE8}") = "4 - Infrastructure", "4 - Infrastructure", "{1AD5E386-3C89-46E0-AA9F-815114390B0A}"
EndProject
Project("{2150E333-8FDC-42A3-9474-1A3956D46DE8}") = "4.1 - Data", "4.1 - Data", "{AB4F756D-729F-4E62-B643-CDF627D8D19C}"
EndProject
Project("{2150E333-8FDC-42A3-9474-1A3956D46DE8}") = "4.2 - CrossCutting", "4.2 - CrossCutting", "{2319999B-D299-4B9A-9AE9-916FD5E2E3F7}"
EndProject
Project("{9A19103F-16F7-4668-BE54-9A1E7A4F7556}") = "MeConecta.Gram.Service", "UpSocial.UpGram.Service\MeConecta.Gram.Service.csproj", "{A60AC678-3488-4CBF-B257-C465A078951C}"
EndProject
Project("{FAE04EC0-301F-11D3-BF4B-00C04F79EFBC}") = "MeConecta.Gram.API", "AES.UpGram.API\MeConecta.Gram.API.csproj", "{89BAD07D-1EC4-4075-9FEB-59ADFCCC5D42}"
EndProject
Global
	GlobalSection(SolutionConfigurationPlatforms) = preSolution
		Debug|Any CPU = Debug|Any CPU
		Release|Any CPU = Release|Any CPU
	EndGlobalSection
	GlobalSection(ProjectConfigurationPlatforms) = postSolution
		{A7ECDE11-05DF-422C-9096-3DA8F0C9DEA8}.Debug|Any CPU.ActiveCfg = Debug|Any CPU
		{A7ECDE11-05DF-422C-9096-3DA8F0C9DEA8}.Debug|Any CPU.Build.0 = Debug|Any CPU
		{A7ECDE11-05DF-422C-9096-3DA8F0C9DEA8}.Release|Any CPU.ActiveCfg = Release|Any CPU
		{A7ECDE11-05DF-422C-9096-3DA8F0C9DEA8}.Release|Any CPU.Build.0 = Release|Any CPU
		{9E0EAEAC-09D4-4F7F-82CC-A26D5B1805C5}.Debug|Any CPU.ActiveCfg = Debug|Any CPU
		{9E0EAEAC-09D4-4F7F-82CC-A26D5B1805C5}.Debug|Any CPU.Build.0 = Debug|Any CPU
		{9E0EAEAC-09D4-4F7F-82CC-A26D5B1805C5}.Release|Any CPU.ActiveCfg = Release|Any CPU
		{9E0EAEAC-09D4-4F7F-82CC-A26D5B1805C5}.Release|Any CPU.Build.0 = Release|Any CPU
		{1CCC1B08-C5E3-4ECC-AC04-9A4D4C14D491}.Debug|Any CPU.ActiveCfg = Debug|Any CPU
		{1CCC1B08-C5E3-4ECC-AC04-9A4D4C14D491}.Debug|Any CPU.Build.0 = Debug|Any CPU
		{1CCC1B08-C5E3-4ECC-AC04-9A4D4C14D491}.Release|Any CPU.ActiveCfg = Release|Any CPU
		{1CCC1B08-C5E3-4ECC-AC04-9A4D4C14D491}.Release|Any CPU.Build.0 = Release|Any CPU
		{30F4FFFF-C09A-4446-AFCD-3D639BAEDE7E}.Debug|Any CPU.ActiveCfg = Debug|Any CPU
		{30F4FFFF-C09A-4446-AFCD-3D639BAEDE7E}.Debug|Any CPU.Build.0 = Debug|Any CPU
		{30F4FFFF-C09A-4446-AFCD-3D639BAEDE7E}.Release|Any CPU.ActiveCfg = Release|Any CPU
		{30F4FFFF-C09A-4446-AFCD-3D639BAEDE7E}.Release|Any CPU.Build.0 = Release|Any CPU
		{A60AC678-3488-4CBF-B257-C465A078951C}.Debug|Any CPU.ActiveCfg = Debug|Any CPU
		{A60AC678-3488-4CBF-B257-C465A078951C}.Debug|Any CPU.Build.0 = Debug|Any CPU
		{A60AC678-3488-4CBF-B257-C465A078951C}.Release|Any CPU.ActiveCfg = Release|Any CPU
		{A60AC678-3488-4CBF-B257-C465A078951C}.Release|Any CPU.Build.0 = Release|Any CPU
		{89BAD07D-1EC4-4075-9FEB-59ADFCCC5D42}.Debug|Any CPU.ActiveCfg = Debug|Any CPU
		{89BAD07D-1EC4-4075-9FEB-59ADFCCC5D42}.Debug|Any CPU.Build.0 = Debug|Any CPU
		{89BAD07D-1EC4-4075-9FEB-59ADFCCC5D42}.Release|Any CPU.ActiveCfg = Release|Any CPU
		{89BAD07D-1EC4-4075-9FEB-59ADFCCC5D42}.Release|Any CPU.Build.0 = Release|Any CPU
	EndGlobalSection
	GlobalSection(SolutionProperties) = preSolution
		HideSolutionNode = FALSE
	EndGlobalSection
	GlobalSection(NestedProjects) = preSolution
		{A7ECDE11-05DF-422C-9096-3DA8F0C9DEA8} = {0A367BC1-FD76-4982-95BD-3F0D3D7C6431}
		{9E0EAEAC-09D4-4F7F-82CC-A26D5B1805C5} = {E9A31A99-2F59-4950-85C5-4EEAE41F84AA}
		{1CCC1B08-C5E3-4ECC-AC04-9A4D4C14D491} = {EB61C1CA-C72E-45E4-889B-A6D3CCFAFB19}
		{30F4FFFF-C09A-4446-AFCD-3D639BAEDE7E} = {AB4F756D-729F-4E62-B643-CDF627D8D19C}
		{AB4F756D-729F-4E62-B643-CDF627D8D19C} = {1AD5E386-3C89-46E0-AA9F-815114390B0A}
		{2319999B-D299-4B9A-9AE9-916FD5E2E3F7} = {1AD5E386-3C89-46E0-AA9F-815114390B0A}
		{A60AC678-3488-4CBF-B257-C465A078951C} = {0A367BC1-FD76-4982-95BD-3F0D3D7C6431}
		{89BAD07D-1EC4-4075-9FEB-59ADFCCC5D42} = {EB61C1CA-C72E-45E4-889B-A6D3CCFAFB19}
	EndGlobalSection
	GlobalSection(ExtensibilityGlobals) = postSolution
		SolutionGuid = {839E66DB-2407-4970-A1CA-DE6FC59D3C49}
	EndGlobalSection
EndGlobal
